// !$*UTF8*$!
{
	archiveVersion = 1;
	classes = {
	};
	objectVersion = 50;
	objects = {

/* Begin PBXBuildFile section */
		2264155591B47B567F7C19E6 /* Pods_TeachAssistUITests.framework in Frameworks */ = {isa = PBXBuildFile; fileRef = 88E03EFDAB7F8CC488DDAD33 /* Pods_TeachAssistUITests.framework */; };
		49598E94235F7D1C0014D749 /* Eczar-ExtraBold.ttf in Resources */ = {isa = PBXBuildFile; fileRef = 49598E92235F7D0D0014D749 /* Eczar-ExtraBold.ttf */; };
		49598E95235F7D1C0014D749 /* Eczar-ExtraBold.ttf in Resources */ = {isa = PBXBuildFile; fileRef = 49598E92235F7D0D0014D749 /* Eczar-ExtraBold.ttf */; };
		49598E96235F7D1D0014D749 /* Eczar-ExtraBold.ttf in Resources */ = {isa = PBXBuildFile; fileRef = 49598E92235F7D0D0014D749 /* Eczar-ExtraBold.ttf */; };
		49598E97235F7D1F0014D749 /* Eczar-Medium.ttf in Resources */ = {isa = PBXBuildFile; fileRef = 49598E93235F7D0E0014D749 /* Eczar-Medium.ttf */; };
		49598E98235F7D200014D749 /* Eczar-Medium.ttf in Resources */ = {isa = PBXBuildFile; fileRef = 49598E93235F7D0E0014D749 /* Eczar-Medium.ttf */; };
		49598E99235F7D200014D749 /* Eczar-Medium.ttf in Resources */ = {isa = PBXBuildFile; fileRef = 49598E93235F7D0E0014D749 /* Eczar-Medium.ttf */; };
		49598E9A235F7D220014D749 /* Eczar-Regular.ttf in Resources */ = {isa = PBXBuildFile; fileRef = 49598E8E235F7D0D0014D749 /* Eczar-Regular.ttf */; };
		49598E9B235F7D230014D749 /* Eczar-Regular.ttf in Resources */ = {isa = PBXBuildFile; fileRef = 49598E8E235F7D0D0014D749 /* Eczar-Regular.ttf */; };
		49598E9C235F7D240014D749 /* Eczar-Regular.ttf in Resources */ = {isa = PBXBuildFile; fileRef = 49598E8E235F7D0D0014D749 /* Eczar-Regular.ttf */; };
		49598E9D235F7D260014D749 /* Eczar-SemiBold.ttf in Resources */ = {isa = PBXBuildFile; fileRef = 49598E91235F7D0D0014D749 /* Eczar-SemiBold.ttf */; };
		49598E9E235F7D260014D749 /* Eczar-SemiBold.ttf in Resources */ = {isa = PBXBuildFile; fileRef = 49598E91235F7D0D0014D749 /* Eczar-SemiBold.ttf */; };
		49598E9F235F7D270014D749 /* Eczar-SemiBold.ttf in Resources */ = {isa = PBXBuildFile; fileRef = 49598E91235F7D0D0014D749 /* Eczar-SemiBold.ttf */; };
		49598EA0235F7D290014D749 /* sandstone_bold.otf in Resources */ = {isa = PBXBuildFile; fileRef = 49598E8F235F7D0D0014D749 /* sandstone_bold.otf */; };
		49598EA1235F7D2A0014D749 /* sandstone_bold.otf in Resources */ = {isa = PBXBuildFile; fileRef = 49598E8F235F7D0D0014D749 /* sandstone_bold.otf */; };
		49598EA2235F7D2A0014D749 /* sandstone_bold.otf in Resources */ = {isa = PBXBuildFile; fileRef = 49598E8F235F7D0D0014D749 /* sandstone_bold.otf */; };
		49598EA3235F7D2D0014D749 /* sandstone.otf in Resources */ = {isa = PBXBuildFile; fileRef = 49598E90235F7D0D0014D749 /* sandstone.otf */; };
		49598EA4235F7D2D0014D749 /* sandstone.otf in Resources */ = {isa = PBXBuildFile; fileRef = 49598E90235F7D0D0014D749 /* sandstone.otf */; };
		49598EA5235F7D2E0014D749 /* sandstone.otf in Resources */ = {isa = PBXBuildFile; fileRef = 49598E90235F7D0D0014D749 /* sandstone.otf */; };
		49598EA7235F89B70014D749 /* Eczar-Bold.ttf in Resources */ = {isa = PBXBuildFile; fileRef = 49598EA6235F7DE30014D749 /* Eczar-Bold.ttf */; };
		49598EA8235F89BA0014D749 /* Eczar-Bold.ttf in Resources */ = {isa = PBXBuildFile; fileRef = 49598EA6235F7DE30014D749 /* Eczar-Bold.ttf */; };
		49598EA9235F89BB0014D749 /* Eczar-Bold.ttf in Resources */ = {isa = PBXBuildFile; fileRef = 49598EA6235F7DE30014D749 /* Eczar-Bold.ttf */; };
		499BB5722362AC6C003ED59F /* Gilroy-Light.ttf in Resources */ = {isa = PBXBuildFile; fileRef = 499BB5712362AC6C003ED59F /* Gilroy-Light.ttf */; };
		499BB5742362AC79003ED59F /* Gilroy-ExtraBold.ttf in Resources */ = {isa = PBXBuildFile; fileRef = 499BB5732362AC79003ED59F /* Gilroy-ExtraBold.ttf */; };
		6E449D132204A26E00C0F0AC /* AppDelegate.swift in Sources */ = {isa = PBXBuildFile; fileRef = 6E449D122204A26E00C0F0AC /* AppDelegate.swift */; };
		6E449D152204A26E00C0F0AC /* MainViewController.swift in Sources */ = {isa = PBXBuildFile; fileRef = 6E449D142204A26E00C0F0AC /* MainViewController.swift */; };
		6E449D282204A27200C0F0AC /* TeachAssistTests.swift in Sources */ = {isa = PBXBuildFile; fileRef = 6E449D272204A27200C0F0AC /* TeachAssistTests.swift */; };
		6E449D332204A27200C0F0AC /* TeachAssistUITests.swift in Sources */ = {isa = PBXBuildFile; fileRef = 6E449D322204A27200C0F0AC /* TeachAssistUITests.swift */; };
		6EDFB06422204DFE00640F87 /* Assets.xcassets in Resources */ = {isa = PBXBuildFile; fileRef = 6EDFB06322204DFD00640F87 /* Assets.xcassets */; };
		6EE67E5E220DD8EE00010826 /* SendRequest.swift in Sources */ = {isa = PBXBuildFile; fileRef = 6EE67E5D220DD8EE00010826 /* SendRequest.swift */; };
		6EF07E042210E58D00FFBFF4 /* TA.swift in Sources */ = {isa = PBXBuildFile; fileRef = 6EF07E032210E58D00FFBFF4 /* TA.swift */; };
		87870DC1E3850E53CB84E905 /* Pods_TeachAssistTests.framework in Frameworks */ = {isa = PBXBuildFile; fileRef = EA7B4FB32296042B00B79BC4 /* Pods_TeachAssistTests.framework */; };
		9080080941CEB4B9E0679128 /* Pods_TeachAssist.framework in Frameworks */ = {isa = PBXBuildFile; fileRef = 279DDEDA5A9D53385E9A4939 /* Pods_TeachAssist.framework */; settings = {ATTRIBUTES = (Required, ); }; };
		961BB5DDEE657DE1E507ACF5 /* Pods_TeachAssistUITests.framework in Frameworks */ = {isa = PBXBuildFile; fileRef = EA7B4FB52296043100B79BC4 /* Pods_TeachAssistUITests.framework */; };
		BC4167F8E911645E163D410A /* Pods_TeachAssistTests.framework in Frameworks */ = {isa = PBXBuildFile; fileRef = 7D0AA7174526032B25277DC9 /* Pods_TeachAssistTests.framework */; };
		EA007A4622270D6A00AD7AFE /* Login.storyboard in Resources */ = {isa = PBXBuildFile; fileRef = EA007A4422270D6900AD7AFE /* Login.storyboard */; };
		EA007A48222712ED00AD7AFE /* LoginViewController.swift in Sources */ = {isa = PBXBuildFile; fileRef = EA007A47222712ED00AD7AFE /* LoginViewController.swift */; };
		EA007A4C2227175C00AD7AFE /* Main.storyboard in Resources */ = {isa = PBXBuildFile; fileRef = EA007A4B2227175C00AD7AFE /* Main.storyboard */; };
		EA2A93BC222A15D900C4100E /* CourseViewController.swift in Sources */ = {isa = PBXBuildFile; fileRef = EA2A93BB222A15D900C4100E /* CourseViewController.swift */; };
		EA2BEE692251559200F085E2 /* DrawerViewController.swift in Sources */ = {isa = PBXBuildFile; fileRef = EA2BEE682251559200F085E2 /* DrawerViewController.swift */; };
		EA3624AB223DD149009E392D /* CourseView.xib in Resources */ = {isa = PBXBuildFile; fileRef = EA3624AA223DD149009E392D /* CourseView.xib */; };
		EA3624AD223DD575009E392D /* CourseView.swift in Sources */ = {isa = PBXBuildFile; fileRef = EA3624AC223DD575009E392D /* CourseView.swift */; };
		EA37FD712371A9AE008E7109 /* NavigationController.swift in Sources */ = {isa = PBXBuildFile; fileRef = EA37FD702371A9AE008E7109 /* NavigationController.swift */; };
		EA5BCF10237CD6A900BD8E4D /* userAssignments.json in Resources */ = {isa = PBXBuildFile; fileRef = EA5BCF0F237CD6A900BD8E4D /* userAssignments.json */; };
		EA83B72D237A5444008424AE /* userCourses.json in Resources */ = {isa = PBXBuildFile; fileRef = EA83B72C237A5444008424AE /* userCourses.json */; };
		EA94D82F2272628F00C27FB6 /* updateStackView.swift in Sources */ = {isa = PBXBuildFile; fileRef = EA94D82E2272628F00C27FB6 /* updateStackView.swift */; };
		EA96E205229F441B006CA3E5 /* auth.swift in Sources */ = {isa = PBXBuildFile; fileRef = EA96E204229F441B006CA3E5 /* auth.swift */; };
		EAA02E54236E6E0500F76720 /* DrawerViewControllerParent.swift in Sources */ = {isa = PBXBuildFile; fileRef = EAA02E53236E6E0500F76720 /* DrawerViewControllerParent.swift */; };
		EAA0E5642394A66400953DCE /* AppIconLight@3x.png in Resources */ = {isa = PBXBuildFile; fileRef = EAA0E5612394A66300953DCE /* AppIconLight@3x.png */; };
		EAA0E5652394A66400953DCE /* AppIconLight@1x.png in Resources */ = {isa = PBXBuildFile; fileRef = EAA0E5622394A66300953DCE /* AppIconLight@1x.png */; };
		EAA0E5662394A66400953DCE /* AppIconLight@2x.png in Resources */ = {isa = PBXBuildFile; fileRef = EAA0E5632394A66300953DCE /* AppIconLight@2x.png */; };
		EAAF4B75234D55EF00308289 /* GoogleService-Info.plist in Resources */ = {isa = PBXBuildFile; fileRef = EAAF4B74234D55EE00308289 /* GoogleService-Info.plist */; };
		EAB209232220E519000686B3 /* LoginButton.swift in Sources */ = {isa = PBXBuildFile; fileRef = EAB209222220E519000686B3 /* LoginButton.swift */; };
		EAB209262220E6B7000686B3 /* CheckboxButton.swift in Sources */ = {isa = PBXBuildFile; fileRef = EAB209252220E6B7000686B3 /* CheckboxButton.swift */; };
		EABD64CC2266A13E0029E464 /* SettingsTableViewCell.swift in Sources */ = {isa = PBXBuildFile; fileRef = EABD64CB2266A13E0029E464 /* SettingsTableViewCell.swift */; };
		EABD64CE2266B28E0029E464 /* SettingsTableViewCell.xib in Resources */ = {isa = PBXBuildFile; fileRef = EABD64CD2266B28E0029E464 /* SettingsTableViewCell.xib */; };
		EAC0318F22559F6600AF78DD /* SettingsViewController.swift in Sources */ = {isa = PBXBuildFile; fileRef = EAC0318E22559F6600AF78DD /* SettingsViewController.swift */; };
		EADB525624252BCA009612E3 /* CourseInfoPageViewController.swift in Sources */ = {isa = PBXBuildFile; fileRef = EADB525524252BCA009612E3 /* CourseInfoPageViewController.swift */; };
		EADB5258242545E7009612E3 /* AssignmentsStatsViewController.swift in Sources */ = {isa = PBXBuildFile; fileRef = EADB5257242545E7009612E3 /* AssignmentsStatsViewController.swift */; };
		EADB525A24267D72009612E3 /* PageViewControllerContainer.swift in Sources */ = {isa = PBXBuildFile; fileRef = EADB525924267D72009612E3 /* PageViewControllerContainer.swift */; };
		EAE7AF6C22693F0B0056BC9A /* MarksViewController.swift in Sources */ = {isa = PBXBuildFile; fileRef = EAE7AF6B22693F0B0056BC9A /* MarksViewController.swift */; };
		EAE7AF7022693FC00056BC9A /* AssignmentView.xib in Resources */ = {isa = PBXBuildFile; fileRef = EAE7AF6F22693FC00056BC9A /* AssignmentView.xib */; };
		EAE7AF72226A2DBA0056BC9A /* AssignmentView.swift in Sources */ = {isa = PBXBuildFile; fileRef = EAE7AF71226A2DBA0056BC9A /* AssignmentView.swift */; };
/* End PBXBuildFile section */

/* Begin PBXContainerItemProxy section */
		6E449D242204A27200C0F0AC /* PBXContainerItemProxy */ = {
			isa = PBXContainerItemProxy;
			containerPortal = 6E449D072204A26E00C0F0AC /* Project object */;
			proxyType = 1;
			remoteGlobalIDString = 6E449D0E2204A26E00C0F0AC;
			remoteInfo = TeachAssist;
		};
		6E449D2F2204A27200C0F0AC /* PBXContainerItemProxy */ = {
			isa = PBXContainerItemProxy;
			containerPortal = 6E449D072204A26E00C0F0AC /* Project object */;
			proxyType = 1;
			remoteGlobalIDString = 6E449D0E2204A26E00C0F0AC;
			remoteInfo = TeachAssist;
		};
/* End PBXContainerItemProxy section */

/* Begin PBXFileReference section */
		1F09E2DBFE049A6CAC11ADB8 /* Pods-TeachAssistUITests.debug.xcconfig */ = {isa = PBXFileReference; includeInIndex = 1; lastKnownFileType = text.xcconfig; name = "Pods-TeachAssistUITests.debug.xcconfig"; path = "Pods/Target Support Files/Pods-TeachAssistUITests/Pods-TeachAssistUITests.debug.xcconfig"; sourceTree = "<group>"; };
		279DDEDA5A9D53385E9A4939 /* Pods_TeachAssist.framework */ = {isa = PBXFileReference; explicitFileType = wrapper.framework; includeInIndex = 0; path = Pods_TeachAssist.framework; sourceTree = BUILT_PRODUCTS_DIR; };
		49598E8E235F7D0D0014D749 /* Eczar-Regular.ttf */ = {isa = PBXFileReference; lastKnownFileType = file; path = "Eczar-Regular.ttf"; sourceTree = "<group>"; };
		49598E8F235F7D0D0014D749 /* sandstone_bold.otf */ = {isa = PBXFileReference; lastKnownFileType = file; path = sandstone_bold.otf; sourceTree = "<group>"; };
		49598E90235F7D0D0014D749 /* sandstone.otf */ = {isa = PBXFileReference; lastKnownFileType = file; path = sandstone.otf; sourceTree = "<group>"; };
		49598E91235F7D0D0014D749 /* Eczar-SemiBold.ttf */ = {isa = PBXFileReference; lastKnownFileType = file; path = "Eczar-SemiBold.ttf"; sourceTree = "<group>"; };
		49598E92235F7D0D0014D749 /* Eczar-ExtraBold.ttf */ = {isa = PBXFileReference; lastKnownFileType = file; path = "Eczar-ExtraBold.ttf"; sourceTree = "<group>"; };
		49598E93235F7D0E0014D749 /* Eczar-Medium.ttf */ = {isa = PBXFileReference; lastKnownFileType = file; path = "Eczar-Medium.ttf"; sourceTree = "<group>"; };
		49598EA6235F7DE30014D749 /* Eczar-Bold.ttf */ = {isa = PBXFileReference; lastKnownFileType = file; path = "Eczar-Bold.ttf"; sourceTree = "<group>"; };
		499BB5712362AC6C003ED59F /* Gilroy-Light.ttf */ = {isa = PBXFileReference; lastKnownFileType = file; path = "Gilroy-Light.ttf"; sourceTree = "<group>"; };
		499BB5732362AC79003ED59F /* Gilroy-ExtraBold.ttf */ = {isa = PBXFileReference; lastKnownFileType = file; path = "Gilroy-ExtraBold.ttf"; sourceTree = "<group>"; };
		5F38B4DEB25E275E6B3D94A4 /* Pods-TeachAssistUITests.release.xcconfig */ = {isa = PBXFileReference; includeInIndex = 1; lastKnownFileType = text.xcconfig; name = "Pods-TeachAssistUITests.release.xcconfig"; path = "Pods/Target Support Files/Pods-TeachAssistUITests/Pods-TeachAssistUITests.release.xcconfig"; sourceTree = "<group>"; };
		61D508545975C28BFFF72A94 /* Pods-TeachAssist.debug.xcconfig */ = {isa = PBXFileReference; includeInIndex = 1; lastKnownFileType = text.xcconfig; name = "Pods-TeachAssist.debug.xcconfig"; path = "Pods/Target Support Files/Pods-TeachAssist/Pods-TeachAssist.debug.xcconfig"; sourceTree = "<group>"; };
		6E449D0F2204A26E00C0F0AC /* TeachAssist.app */ = {isa = PBXFileReference; explicitFileType = wrapper.application; includeInIndex = 0; path = TeachAssist.app; sourceTree = BUILT_PRODUCTS_DIR; };
		6E449D122204A26E00C0F0AC /* AppDelegate.swift */ = {isa = PBXFileReference; lastKnownFileType = sourcecode.swift; path = AppDelegate.swift; sourceTree = "<group>"; };
		6E449D142204A26E00C0F0AC /* MainViewController.swift */ = {isa = PBXFileReference; lastKnownFileType = sourcecode.swift; path = MainViewController.swift; sourceTree = "<group>"; };
		6E449D1E2204A27200C0F0AC /* Info.plist */ = {isa = PBXFileReference; lastKnownFileType = text.plist.xml; path = Info.plist; sourceTree = "<group>"; };
		6E449D232204A27200C0F0AC /* TeachAssistTests.xctest */ = {isa = PBXFileReference; explicitFileType = wrapper.cfbundle; includeInIndex = 0; path = TeachAssistTests.xctest; sourceTree = BUILT_PRODUCTS_DIR; };
		6E449D272204A27200C0F0AC /* TeachAssistTests.swift */ = {isa = PBXFileReference; lastKnownFileType = sourcecode.swift; path = TeachAssistTests.swift; sourceTree = "<group>"; };
		6E449D292204A27200C0F0AC /* Info.plist */ = {isa = PBXFileReference; lastKnownFileType = text.plist.xml; path = Info.plist; sourceTree = "<group>"; };
		6E449D2E2204A27200C0F0AC /* TeachAssistUITests.xctest */ = {isa = PBXFileReference; explicitFileType = wrapper.cfbundle; includeInIndex = 0; path = TeachAssistUITests.xctest; sourceTree = BUILT_PRODUCTS_DIR; };
		6E449D322204A27200C0F0AC /* TeachAssistUITests.swift */ = {isa = PBXFileReference; lastKnownFileType = sourcecode.swift; path = TeachAssistUITests.swift; sourceTree = "<group>"; };
		6E449D342204A27200C0F0AC /* Info.plist */ = {isa = PBXFileReference; lastKnownFileType = text.plist.xml; path = Info.plist; sourceTree = "<group>"; };
		6EDFB06322204DFD00640F87 /* Assets.xcassets */ = {isa = PBXFileReference; lastKnownFileType = folder.assetcatalog; path = Assets.xcassets; sourceTree = "<group>"; };
		6EE67E5D220DD8EE00010826 /* SendRequest.swift */ = {isa = PBXFileReference; lastKnownFileType = sourcecode.swift; path = SendRequest.swift; sourceTree = "<group>"; };
		6EF07E032210E58D00FFBFF4 /* TA.swift */ = {isa = PBXFileReference; lastKnownFileType = sourcecode.swift; path = TA.swift; sourceTree = "<group>"; };
		72683CD56F29FFDC96BB7991 /* Pods-TeachAssistTests.debug.xcconfig */ = {isa = PBXFileReference; includeInIndex = 1; lastKnownFileType = text.xcconfig; name = "Pods-TeachAssistTests.debug.xcconfig"; path = "Pods/Target Support Files/Pods-TeachAssistTests/Pods-TeachAssistTests.debug.xcconfig"; sourceTree = "<group>"; };
		7D0AA7174526032B25277DC9 /* Pods_TeachAssistTests.framework */ = {isa = PBXFileReference; explicitFileType = wrapper.framework; includeInIndex = 0; path = Pods_TeachAssistTests.framework; sourceTree = BUILT_PRODUCTS_DIR; };
		88E03EFDAB7F8CC488DDAD33 /* Pods_TeachAssistUITests.framework */ = {isa = PBXFileReference; explicitFileType = wrapper.framework; includeInIndex = 0; path = Pods_TeachAssistUITests.framework; sourceTree = BUILT_PRODUCTS_DIR; };
		B3C9B462BF6FBB984CAE1FCC /* Pods-TeachAssistTests.release.xcconfig */ = {isa = PBXFileReference; includeInIndex = 1; lastKnownFileType = text.xcconfig; name = "Pods-TeachAssistTests.release.xcconfig"; path = "Pods/Target Support Files/Pods-TeachAssistTests/Pods-TeachAssistTests.release.xcconfig"; sourceTree = "<group>"; };
		BA3800C2F1869FD078491C2F /* Pods-TeachAssist.release.xcconfig */ = {isa = PBXFileReference; includeInIndex = 1; lastKnownFileType = text.xcconfig; name = "Pods-TeachAssist.release.xcconfig"; path = "Pods/Target Support Files/Pods-TeachAssist/Pods-TeachAssist.release.xcconfig"; sourceTree = "<group>"; };
		EA007A4522270D6900AD7AFE /* Base */ = {isa = PBXFileReference; lastKnownFileType = file.storyboard; name = Base; path = Base.lproj/Login.storyboard; sourceTree = "<group>"; };
		EA007A47222712ED00AD7AFE /* LoginViewController.swift */ = {isa = PBXFileReference; lastKnownFileType = sourcecode.swift; path = LoginViewController.swift; sourceTree = "<group>"; };
		EA007A4B2227175C00AD7AFE /* Main.storyboard */ = {isa = PBXFileReference; lastKnownFileType = file.storyboard; path = Main.storyboard; sourceTree = "<group>"; };
		EA2A93BB222A15D900C4100E /* CourseViewController.swift */ = {isa = PBXFileReference; lastKnownFileType = sourcecode.swift; path = CourseViewController.swift; sourceTree = "<group>"; };
		EA2BEE682251559200F085E2 /* DrawerViewController.swift */ = {isa = PBXFileReference; lastKnownFileType = sourcecode.swift; path = DrawerViewController.swift; sourceTree = "<group>"; };
		EA3624AA223DD149009E392D /* CourseView.xib */ = {isa = PBXFileReference; lastKnownFileType = file.xib; path = CourseView.xib; sourceTree = "<group>"; };
		EA3624AC223DD575009E392D /* CourseView.swift */ = {isa = PBXFileReference; lastKnownFileType = sourcecode.swift; path = CourseView.swift; sourceTree = "<group>"; };
		EA37FD702371A9AE008E7109 /* NavigationController.swift */ = {isa = PBXFileReference; lastKnownFileType = sourcecode.swift; path = NavigationController.swift; sourceTree = "<group>"; };
		EA5BCF0F237CD6A900BD8E4D /* userAssignments.json */ = {isa = PBXFileReference; lastKnownFileType = text.json; path = userAssignments.json; sourceTree = "<group>"; };
		EA649139228247790072E6C5 /* TeachAssist.entitlements */ = {isa = PBXFileReference; lastKnownFileType = text.plist.entitlements; path = TeachAssist.entitlements; sourceTree = "<group>"; };
		EA7B4FA72296008100B79BC4 /* KYDrawerController.framework */ = {isa = PBXFileReference; explicitFileType = wrapper.framework; path = KYDrawerController.framework; sourceTree = BUILT_PRODUCTS_DIR; };
		EA7B4FA92296012200B79BC4 /* Alamofire.framework */ = {isa = PBXFileReference; explicitFileType = wrapper.framework; path = Alamofire.framework; sourceTree = BUILT_PRODUCTS_DIR; };
		EA7B4FAB2296012600B79BC4 /* UICircularProgressRing.framework */ = {isa = PBXFileReference; explicitFileType = wrapper.framework; path = UICircularProgressRing.framework; sourceTree = BUILT_PRODUCTS_DIR; };
		EA7B4FAD2296017600B79BC4 /* HTMLString.framework */ = {isa = PBXFileReference; explicitFileType = wrapper.framework; path = HTMLString.framework; sourceTree = BUILT_PRODUCTS_DIR; };
		EA7B4FAF2296017A00B79BC4 /* HTMLEntities.framework */ = {isa = PBXFileReference; explicitFileType = wrapper.framework; path = HTMLEntities.framework; sourceTree = BUILT_PRODUCTS_DIR; };
		EA7B4FB1229602A200B79BC4 /* PureLayout.framework */ = {isa = PBXFileReference; explicitFileType = wrapper.framework; path = PureLayout.framework; sourceTree = BUILT_PRODUCTS_DIR; };
		EA7B4FB32296042B00B79BC4 /* Pods_TeachAssistTests.framework */ = {isa = PBXFileReference; explicitFileType = wrapper.framework; path = Pods_TeachAssistTests.framework; sourceTree = BUILT_PRODUCTS_DIR; };
		EA7B4FB52296043100B79BC4 /* Pods_TeachAssistUITests.framework */ = {isa = PBXFileReference; explicitFileType = wrapper.framework; path = Pods_TeachAssistUITests.framework; sourceTree = BUILT_PRODUCTS_DIR; };
		EA83B72C237A5444008424AE /* userCourses.json */ = {isa = PBXFileReference; lastKnownFileType = text.json; path = userCourses.json; sourceTree = "<group>"; };
		EA94D82E2272628F00C27FB6 /* updateStackView.swift */ = {isa = PBXFileReference; lastKnownFileType = sourcecode.swift; path = updateStackView.swift; sourceTree = "<group>"; };
		EA96E204229F441B006CA3E5 /* auth.swift */ = {isa = PBXFileReference; lastKnownFileType = sourcecode.swift; path = auth.swift; sourceTree = "<group>"; };
		EAA02E53236E6E0500F76720 /* DrawerViewControllerParent.swift */ = {isa = PBXFileReference; lastKnownFileType = sourcecode.swift; path = DrawerViewControllerParent.swift; sourceTree = "<group>"; };
		EAA0E5612394A66300953DCE /* AppIconLight@3x.png */ = {isa = PBXFileReference; lastKnownFileType = image.png; path = "AppIconLight@3x.png"; sourceTree = "<group>"; };
		EAA0E5622394A66300953DCE /* AppIconLight@1x.png */ = {isa = PBXFileReference; lastKnownFileType = image.png; path = "AppIconLight@1x.png"; sourceTree = "<group>"; };
		EAA0E5632394A66300953DCE /* AppIconLight@2x.png */ = {isa = PBXFileReference; lastKnownFileType = image.png; path = "AppIconLight@2x.png"; sourceTree = "<group>"; };
		EAAF4B74234D55EE00308289 /* GoogleService-Info.plist */ = {isa = PBXFileReference; fileEncoding = 4; lastKnownFileType = text.plist.xml; path = "GoogleService-Info.plist"; sourceTree = "<group>"; };
		EAB209222220E519000686B3 /* LoginButton.swift */ = {isa = PBXFileReference; lastKnownFileType = sourcecode.swift; path = LoginButton.swift; sourceTree = "<group>"; };
		EAB209252220E6B7000686B3 /* CheckboxButton.swift */ = {isa = PBXFileReference; lastKnownFileType = sourcecode.swift; path = CheckboxButton.swift; sourceTree = "<group>"; };
		EABD64CB2266A13E0029E464 /* SettingsTableViewCell.swift */ = {isa = PBXFileReference; lastKnownFileType = sourcecode.swift; path = SettingsTableViewCell.swift; sourceTree = "<group>"; };
		EABD64CD2266B28E0029E464 /* SettingsTableViewCell.xib */ = {isa = PBXFileReference; lastKnownFileType = file.xib; path = SettingsTableViewCell.xib; sourceTree = "<group>"; };
		EAC0318E22559F6600AF78DD /* SettingsViewController.swift */ = {isa = PBXFileReference; lastKnownFileType = sourcecode.swift; path = SettingsViewController.swift; sourceTree = "<group>"; };
		EADB525524252BCA009612E3 /* CourseInfoPageViewController.swift */ = {isa = PBXFileReference; lastKnownFileType = sourcecode.swift; path = CourseInfoPageViewController.swift; sourceTree = "<group>"; };
		EADB5257242545E7009612E3 /* AssignmentsStatsViewController.swift */ = {isa = PBXFileReference; lastKnownFileType = sourcecode.swift; path = AssignmentsStatsViewController.swift; sourceTree = "<group>"; };
		EADB525924267D72009612E3 /* PageViewControllerContainer.swift */ = {isa = PBXFileReference; lastKnownFileType = sourcecode.swift; path = PageViewControllerContainer.swift; sourceTree = "<group>"; };
		EAE7AF6B22693F0B0056BC9A /* MarksViewController.swift */ = {isa = PBXFileReference; lastKnownFileType = sourcecode.swift; path = MarksViewController.swift; sourceTree = "<group>"; };
		EAE7AF6F22693FC00056BC9A /* AssignmentView.xib */ = {isa = PBXFileReference; lastKnownFileType = file.xib; path = AssignmentView.xib; sourceTree = "<group>"; };
		EAE7AF71226A2DBA0056BC9A /* AssignmentView.swift */ = {isa = PBXFileReference; lastKnownFileType = sourcecode.swift; path = AssignmentView.swift; sourceTree = "<group>"; };
/* End PBXFileReference section */

/* Begin PBXFrameworksBuildPhase section */
		6E449D0C2204A26E00C0F0AC /* Frameworks */ = {
			isa = PBXFrameworksBuildPhase;
			buildActionMask = 2147483647;
			files = (
				9080080941CEB4B9E0679128 /* Pods_TeachAssist.framework in Frameworks */,
			);
			runOnlyForDeploymentPostprocessing = 0;
		};
		6E449D202204A27200C0F0AC /* Frameworks */ = {
			isa = PBXFrameworksBuildPhase;
			buildActionMask = 2147483647;
			files = (
				BC4167F8E911645E163D410A /* Pods_TeachAssistTests.framework in Frameworks */,
				87870DC1E3850E53CB84E905 /* Pods_TeachAssistTests.framework in Frameworks */,
			);
			runOnlyForDeploymentPostprocessing = 0;
		};
		6E449D2B2204A27200C0F0AC /* Frameworks */ = {
			isa = PBXFrameworksBuildPhase;
			buildActionMask = 2147483647;
			files = (
				2264155591B47B567F7C19E6 /* Pods_TeachAssistUITests.framework in Frameworks */,
				961BB5DDEE657DE1E507ACF5 /* Pods_TeachAssistUITests.framework in Frameworks */,
			);
			runOnlyForDeploymentPostprocessing = 0;
		};
/* End PBXFrameworksBuildPhase section */

/* Begin PBXGroup section */
		49598E8D235F7CF40014D749 /* fonts */ = {
			isa = PBXGroup;
			children = (
				49598E90235F7D0D0014D749 /* sandstone.otf */,
				499BB5712362AC6C003ED59F /* Gilroy-Light.ttf */,
				49598E8F235F7D0D0014D749 /* sandstone_bold.otf */,
				499BB5732362AC79003ED59F /* Gilroy-ExtraBold.ttf */,
				49598E8E235F7D0D0014D749 /* Eczar-Regular.ttf */,
				49598E93235F7D0E0014D749 /* Eczar-Medium.ttf */,
				49598E91235F7D0D0014D749 /* Eczar-SemiBold.ttf */,
				49598EA6235F7DE30014D749 /* Eczar-Bold.ttf */,
				49598E92235F7D0D0014D749 /* Eczar-ExtraBold.ttf */,
			);
			path = fonts;
			sourceTree = "<group>";
		};
		4F9FC851004133565DB813E5 /* Frameworks */ = {
			isa = PBXGroup;
			children = (
				EA7B4FB52296043100B79BC4 /* Pods_TeachAssistUITests.framework */,
				EA7B4FB32296042B00B79BC4 /* Pods_TeachAssistTests.framework */,
				EA7B4FB1229602A200B79BC4 /* PureLayout.framework */,
				EA7B4FAF2296017A00B79BC4 /* HTMLEntities.framework */,
				EA7B4FAD2296017600B79BC4 /* HTMLString.framework */,
				EA7B4FAB2296012600B79BC4 /* UICircularProgressRing.framework */,
				EA7B4FA92296012200B79BC4 /* Alamofire.framework */,
				EA7B4FA72296008100B79BC4 /* KYDrawerController.framework */,
				279DDEDA5A9D53385E9A4939 /* Pods_TeachAssist.framework */,
				7D0AA7174526032B25277DC9 /* Pods_TeachAssistTests.framework */,
				88E03EFDAB7F8CC488DDAD33 /* Pods_TeachAssistUITests.framework */,
			);
			name = Frameworks;
			sourceTree = "<group>";
		};
		6E449D062204A26E00C0F0AC = {
			isa = PBXGroup;
			children = (
				6E449D112204A26E00C0F0AC /* TeachAssist */,
				6E449D262204A27200C0F0AC /* TeachAssistTests */,
				6E449D312204A27200C0F0AC /* TeachAssistUITests */,
				6E449D102204A26E00C0F0AC /* Products */,
				7B572F03C7EF1754B8249B56 /* Pods */,
				4F9FC851004133565DB813E5 /* Frameworks */,
			);
			sourceTree = "<group>";
		};
		6E449D102204A26E00C0F0AC /* Products */ = {
			isa = PBXGroup;
			children = (
				6E449D0F2204A26E00C0F0AC /* TeachAssist.app */,
				6E449D232204A27200C0F0AC /* TeachAssistTests.xctest */,
				6E449D2E2204A27200C0F0AC /* TeachAssistUITests.xctest */,
			);
			name = Products;
			sourceTree = "<group>";
		};
		6E449D112204A26E00C0F0AC /* TeachAssist */ = {
			isa = PBXGroup;
			children = (
				EAA0E5622394A66300953DCE /* AppIconLight@1x.png */,
				EAA0E5632394A66300953DCE /* AppIconLight@2x.png */,
				EAA0E5612394A66300953DCE /* AppIconLight@3x.png */,
				EAAF4B74234D55EE00308289 /* GoogleService-Info.plist */,
				EA649139228247790072E6C5 /* TeachAssist.entitlements */,
				EA3624A5223D924B009E392D /* Views */,
				6E449D122204A26E00C0F0AC /* AppDelegate.swift */,
				6EDFB06322204DFD00640F87 /* Assets.xcassets */,
				EAF2A087221F607300A0BFE3 /* subclasses */,
				EAF2A086221F565800A0BFE3 /* ViewControllers */,
				6E449D1E2204A27200C0F0AC /* Info.plist */,
				EA007A4422270D6900AD7AFE /* Login.storyboard */,
				EA007A4B2227175C00AD7AFE /* Main.storyboard */,
				6EE67E5D220DD8EE00010826 /* SendRequest.swift */,
				6EF07E032210E58D00FFBFF4 /* TA.swift */,
				EA96E204229F441B006CA3E5 /* auth.swift */,
				EA83B72C237A5444008424AE /* userCourses.json */,
				EA5BCF0F237CD6A900BD8E4D /* userAssignments.json */,
				49598E8D235F7CF40014D749 /* fonts */,
			);
			path = TeachAssist;
			sourceTree = "<group>";
		};
		6E449D262204A27200C0F0AC /* TeachAssistTests */ = {
			isa = PBXGroup;
			children = (
				6E449D272204A27200C0F0AC /* TeachAssistTests.swift */,
				6E449D292204A27200C0F0AC /* Info.plist */,
			);
			path = TeachAssistTests;
			sourceTree = "<group>";
		};
		6E449D312204A27200C0F0AC /* TeachAssistUITests */ = {
			isa = PBXGroup;
			children = (
				6E449D322204A27200C0F0AC /* TeachAssistUITests.swift */,
				6E449D342204A27200C0F0AC /* Info.plist */,
			);
			path = TeachAssistUITests;
			sourceTree = "<group>";
		};
		7B572F03C7EF1754B8249B56 /* Pods */ = {
			isa = PBXGroup;
			children = (
				61D508545975C28BFFF72A94 /* Pods-TeachAssist.debug.xcconfig */,
				BA3800C2F1869FD078491C2F /* Pods-TeachAssist.release.xcconfig */,
				72683CD56F29FFDC96BB7991 /* Pods-TeachAssistTests.debug.xcconfig */,
				B3C9B462BF6FBB984CAE1FCC /* Pods-TeachAssistTests.release.xcconfig */,
				1F09E2DBFE049A6CAC11ADB8 /* Pods-TeachAssistUITests.debug.xcconfig */,
				5F38B4DEB25E275E6B3D94A4 /* Pods-TeachAssistUITests.release.xcconfig */,
			);
			name = Pods;
			sourceTree = "<group>";
		};
		EA2A93B6222A089C00C4100E /* Main Page */ = {
			isa = PBXGroup;
			children = (
				EA3624AC223DD575009E392D /* CourseView.swift */,
				EAE7AF71226A2DBA0056BC9A /* AssignmentView.swift */,
				EA94D82E2272628F00C27FB6 /* updateStackView.swift */,
			);
			path = "Main Page";
			sourceTree = "<group>";
		};
		EA3624A5223D924B009E392D /* Views */ = {
			isa = PBXGroup;
			children = (
				EA3624AA223DD149009E392D /* CourseView.xib */,
				EAE7AF6F22693FC00056BC9A /* AssignmentView.xib */,
				EABD64CD2266B28E0029E464 /* SettingsTableViewCell.xib */,
			);
			path = Views;
			sourceTree = "<group>";
		};
		EAB209242220E51E000686B3 /* Login Page */ = {
			isa = PBXGroup;
			children = (
				EAB209222220E519000686B3 /* LoginButton.swift */,
				EAB209252220E6B7000686B3 /* CheckboxButton.swift */,
			);
			path = "Login Page";
			sourceTree = "<group>";
		};
		EABD64CA2266A1230029E464 /* Settings */ = {
			isa = PBXGroup;
			children = (
				EABD64CB2266A13E0029E464 /* SettingsTableViewCell.swift */,
			);
			path = Settings;
			sourceTree = "<group>";
		};
		EAF2A086221F565800A0BFE3 /* ViewControllers */ = {
			isa = PBXGroup;
			children = (
				6E449D142204A26E00C0F0AC /* MainViewController.swift */,
				EA007A47222712ED00AD7AFE /* LoginViewController.swift */,
				EA2A93BB222A15D900C4100E /* CourseViewController.swift */,
				EA2BEE682251559200F085E2 /* DrawerViewController.swift */,
				EAC0318E22559F6600AF78DD /* SettingsViewController.swift */,
				EAE7AF6B22693F0B0056BC9A /* MarksViewController.swift */,
				EAA02E53236E6E0500F76720 /* DrawerViewControllerParent.swift */,
				EA37FD702371A9AE008E7109 /* NavigationController.swift */,
				EADB525524252BCA009612E3 /* CourseInfoPageViewController.swift */,
				EADB5257242545E7009612E3 /* AssignmentsStatsViewController.swift */,
				EADB525924267D72009612E3 /* PageViewControllerContainer.swift */,
			);
			path = ViewControllers;
			sourceTree = "<group>";
		};
		EAF2A087221F607300A0BFE3 /* subclasses */ = {
			isa = PBXGroup;
			children = (
				EABD64CA2266A1230029E464 /* Settings */,
				EA2A93B6222A089C00C4100E /* Main Page */,
				EAB209242220E51E000686B3 /* Login Page */,
			);
			path = subclasses;
			sourceTree = "<group>";
		};
/* End PBXGroup section */

/* Begin PBXNativeTarget section */
		6E449D0E2204A26E00C0F0AC /* TeachAssist */ = {
			isa = PBXNativeTarget;
			buildConfigurationList = 6E449D372204A27200C0F0AC /* Build configuration list for PBXNativeTarget "TeachAssist" */;
			buildPhases = (
				EA1A79D5518AE32CC3A964EA /* [CP] Check Pods Manifest.lock */,
				6E449D0B2204A26E00C0F0AC /* Sources */,
				6E449D0C2204A26E00C0F0AC /* Frameworks */,
				6E449D0D2204A26E00C0F0AC /* Resources */,
				EC0F8A330A119B68DFE77254 /* [CP] Embed Pods Frameworks */,
				EA4A34272294BCA80092084B /* ShellScript */,
			);
			buildRules = (
			);
			dependencies = (
			);
			name = TeachAssist;
			productName = TeachAssist;
			productReference = 6E449D0F2204A26E00C0F0AC /* TeachAssist.app */;
			productType = "com.apple.product-type.application";
		};
		6E449D222204A27200C0F0AC /* TeachAssistTests */ = {
			isa = PBXNativeTarget;
			buildConfigurationList = 6E449D3A2204A27200C0F0AC /* Build configuration list for PBXNativeTarget "TeachAssistTests" */;
			buildPhases = (
				85ED9DED0B0ACB426CC485DB /* [CP] Check Pods Manifest.lock */,
				6E449D1F2204A27200C0F0AC /* Sources */,
				6E449D202204A27200C0F0AC /* Frameworks */,
				6E449D212204A27200C0F0AC /* Resources */,
			);
			buildRules = (
			);
			dependencies = (
				6E449D252204A27200C0F0AC /* PBXTargetDependency */,
			);
			name = TeachAssistTests;
			productName = TeachAssistTests;
			productReference = 6E449D232204A27200C0F0AC /* TeachAssistTests.xctest */;
			productType = "com.apple.product-type.bundle.unit-test";
		};
		6E449D2D2204A27200C0F0AC /* TeachAssistUITests */ = {
			isa = PBXNativeTarget;
			buildConfigurationList = 6E449D3D2204A27200C0F0AC /* Build configuration list for PBXNativeTarget "TeachAssistUITests" */;
			buildPhases = (
				241E032F122729E1BC5B0D32 /* [CP] Check Pods Manifest.lock */,
				6E449D2A2204A27200C0F0AC /* Sources */,
				6E449D2B2204A27200C0F0AC /* Frameworks */,
				6E449D2C2204A27200C0F0AC /* Resources */,
			);
			buildRules = (
			);
			dependencies = (
				6E449D302204A27200C0F0AC /* PBXTargetDependency */,
			);
			name = TeachAssistUITests;
			productName = TeachAssistUITests;
			productReference = 6E449D2E2204A27200C0F0AC /* TeachAssistUITests.xctest */;
			productType = "com.apple.product-type.bundle.ui-testing";
		};
/* End PBXNativeTarget section */

/* Begin PBXProject section */
		6E449D072204A26E00C0F0AC /* Project object */ = {
			isa = PBXProject;
			attributes = {
				LastSwiftUpdateCheck = 1010;
				LastUpgradeCheck = 1010;
				ORGANIZATIONNAME = "Ben Tran";
				TargetAttributes = {
					6E449D0E2204A26E00C0F0AC = {
						CreatedOnToolsVersion = 10.1;
						SystemCapabilities = {
							com.apple.BackgroundModes = {
								enabled = 1;
							};
							com.apple.Push = {
								enabled = 1;
							};
						};
					};
					6E449D222204A27200C0F0AC = {
						CreatedOnToolsVersion = 10.1;
						TestTargetID = 6E449D0E2204A26E00C0F0AC;
					};
					6E449D2D2204A27200C0F0AC = {
						CreatedOnToolsVersion = 10.1;
						TestTargetID = 6E449D0E2204A26E00C0F0AC;
					};
				};
			};
			buildConfigurationList = 6E449D0A2204A26E00C0F0AC /* Build configuration list for PBXProject "TeachAssist" */;
			compatibilityVersion = "Xcode 9.3";
			developmentRegion = en;
			hasScannedForEncodings = 0;
			knownRegions = (
				en,
				Base,
			);
			mainGroup = 6E449D062204A26E00C0F0AC;
			productRefGroup = 6E449D102204A26E00C0F0AC /* Products */;
			projectDirPath = "";
			projectRoot = "";
			targets = (
				6E449D0E2204A26E00C0F0AC /* TeachAssist */,
				6E449D222204A27200C0F0AC /* TeachAssistTests */,
				6E449D2D2204A27200C0F0AC /* TeachAssistUITests */,
			);
		};
/* End PBXProject section */

/* Begin PBXResourcesBuildPhase section */
		6E449D0D2204A26E00C0F0AC /* Resources */ = {
			isa = PBXResourcesBuildPhase;
			buildActionMask = 2147483647;
			files = (
				EA007A4C2227175C00AD7AFE /* Main.storyboard in Resources */,
				EA007A4622270D6A00AD7AFE /* Login.storyboard in Resources */,
				6EDFB06422204DFE00640F87 /* Assets.xcassets in Resources */,
				EA5BCF10237CD6A900BD8E4D /* userAssignments.json in Resources */,
				EAA0E5662394A66400953DCE /* AppIconLight@2x.png in Resources */,
				EAA0E5642394A66400953DCE /* AppIconLight@3x.png in Resources */,
				499BB5722362AC6C003ED59F /* Gilroy-Light.ttf in Resources */,
				EAA0E5652394A66400953DCE /* AppIconLight@1x.png in Resources */,
				49598E9D235F7D260014D749 /* Eczar-SemiBold.ttf in Resources */,
				49598E9A235F7D220014D749 /* Eczar-Regular.ttf in Resources */,
				49598E97235F7D1F0014D749 /* Eczar-Medium.ttf in Resources */,
				EABD64CE2266B28E0029E464 /* SettingsTableViewCell.xib in Resources */,
				EA83B72D237A5444008424AE /* userCourses.json in Resources */,
				499BB5742362AC79003ED59F /* Gilroy-ExtraBold.ttf in Resources */,
				49598EA3235F7D2D0014D749 /* sandstone.otf in Resources */,
				49598EA0235F7D290014D749 /* sandstone_bold.otf in Resources */,
				EA3624AB223DD149009E392D /* CourseView.xib in Resources */,
				EAE7AF7022693FC00056BC9A /* AssignmentView.xib in Resources */,
				49598EA7235F89B70014D749 /* Eczar-Bold.ttf in Resources */,
				49598E94235F7D1C0014D749 /* Eczar-ExtraBold.ttf in Resources */,
				EAAF4B75234D55EF00308289 /* GoogleService-Info.plist in Resources */,
			);
			runOnlyForDeploymentPostprocessing = 0;
		};
		6E449D212204A27200C0F0AC /* Resources */ = {
			isa = PBXResourcesBuildPhase;
			buildActionMask = 2147483647;
			files = (
				49598EA1235F7D2A0014D749 /* sandstone_bold.otf in Resources */,
				49598EA4235F7D2D0014D749 /* sandstone.otf in Resources */,
				49598E9E235F7D260014D749 /* Eczar-SemiBold.ttf in Resources */,
				49598E95235F7D1C0014D749 /* Eczar-ExtraBold.ttf in Resources */,
				49598EA8235F89BA0014D749 /* Eczar-Bold.ttf in Resources */,
				49598E9B235F7D230014D749 /* Eczar-Regular.ttf in Resources */,
				49598E98235F7D200014D749 /* Eczar-Medium.ttf in Resources */,
			);
			runOnlyForDeploymentPostprocessing = 0;
		};
		6E449D2C2204A27200C0F0AC /* Resources */ = {
			isa = PBXResourcesBuildPhase;
			buildActionMask = 2147483647;
			files = (
				49598EA2235F7D2A0014D749 /* sandstone_bold.otf in Resources */,
				49598EA5235F7D2E0014D749 /* sandstone.otf in Resources */,
				49598E9F235F7D270014D749 /* Eczar-SemiBold.ttf in Resources */,
				49598E96235F7D1D0014D749 /* Eczar-ExtraBold.ttf in Resources */,
				49598EA9235F89BB0014D749 /* Eczar-Bold.ttf in Resources */,
				49598E9C235F7D240014D749 /* Eczar-Regular.ttf in Resources */,
				49598E99235F7D200014D749 /* Eczar-Medium.ttf in Resources */,
			);
			runOnlyForDeploymentPostprocessing = 0;
		};
/* End PBXResourcesBuildPhase section */

/* Begin PBXShellScriptBuildPhase section */
		241E032F122729E1BC5B0D32 /* [CP] Check Pods Manifest.lock */ = {
			isa = PBXShellScriptBuildPhase;
			buildActionMask = 2147483647;
			files = (
			);
			inputFileListPaths = (
			);
			inputPaths = (
				"${PODS_PODFILE_DIR_PATH}/Podfile.lock",
				"${PODS_ROOT}/Manifest.lock",
			);
			name = "[CP] Check Pods Manifest.lock";
			outputFileListPaths = (
			);
			outputPaths = (
				"$(DERIVED_FILE_DIR)/Pods-TeachAssistUITests-checkManifestLockResult.txt",
			);
			runOnlyForDeploymentPostprocessing = 0;
			shellPath = /bin/sh;
			shellScript = "diff \"${PODS_PODFILE_DIR_PATH}/Podfile.lock\" \"${PODS_ROOT}/Manifest.lock\" > /dev/null\nif [ $? != 0 ] ; then\n    # print error to STDERR\n    echo \"error: The sandbox is not in sync with the Podfile.lock. Run 'pod install' or update your CocoaPods installation.\" >&2\n    exit 1\nfi\n# This output is used by Xcode 'outputs' to avoid re-running this script phase.\necho \"SUCCESS\" > \"${SCRIPT_OUTPUT_FILE_0}\"\n";
			showEnvVarsInLog = 0;
		};
		85ED9DED0B0ACB426CC485DB /* [CP] Check Pods Manifest.lock */ = {
			isa = PBXShellScriptBuildPhase;
			buildActionMask = 2147483647;
			files = (
			);
			inputFileListPaths = (
			);
			inputPaths = (
				"${PODS_PODFILE_DIR_PATH}/Podfile.lock",
				"${PODS_ROOT}/Manifest.lock",
			);
			name = "[CP] Check Pods Manifest.lock";
			outputFileListPaths = (
			);
			outputPaths = (
				"$(DERIVED_FILE_DIR)/Pods-TeachAssistTests-checkManifestLockResult.txt",
			);
			runOnlyForDeploymentPostprocessing = 0;
			shellPath = /bin/sh;
			shellScript = "diff \"${PODS_PODFILE_DIR_PATH}/Podfile.lock\" \"${PODS_ROOT}/Manifest.lock\" > /dev/null\nif [ $? != 0 ] ; then\n    # print error to STDERR\n    echo \"error: The sandbox is not in sync with the Podfile.lock. Run 'pod install' or update your CocoaPods installation.\" >&2\n    exit 1\nfi\n# This output is used by Xcode 'outputs' to avoid re-running this script phase.\necho \"SUCCESS\" > \"${SCRIPT_OUTPUT_FILE_0}\"\n";
			showEnvVarsInLog = 0;
		};
		EA1A79D5518AE32CC3A964EA /* [CP] Check Pods Manifest.lock */ = {
			isa = PBXShellScriptBuildPhase;
			buildActionMask = 2147483647;
			files = (
			);
			inputFileListPaths = (
			);
			inputPaths = (
				"${PODS_PODFILE_DIR_PATH}/Podfile.lock",
				"${PODS_ROOT}/Manifest.lock",
			);
			name = "[CP] Check Pods Manifest.lock";
			outputFileListPaths = (
			);
			outputPaths = (
				"$(DERIVED_FILE_DIR)/Pods-TeachAssist-checkManifestLockResult.txt",
			);
			runOnlyForDeploymentPostprocessing = 0;
			shellPath = /bin/sh;
			shellScript = "diff \"${PODS_PODFILE_DIR_PATH}/Podfile.lock\" \"${PODS_ROOT}/Manifest.lock\" > /dev/null\nif [ $? != 0 ] ; then\n    # print error to STDERR\n    echo \"error: The sandbox is not in sync with the Podfile.lock. Run 'pod install' or update your CocoaPods installation.\" >&2\n    exit 1\nfi\n# This output is used by Xcode 'outputs' to avoid re-running this script phase.\necho \"SUCCESS\" > \"${SCRIPT_OUTPUT_FILE_0}\"\n";
			showEnvVarsInLog = 0;
		};
		EA4A34272294BCA80092084B /* ShellScript */ = {
			isa = PBXShellScriptBuildPhase;
			buildActionMask = 2147483647;
			files = (
			);
			inputFileListPaths = (
			);
			inputPaths = (
				"$(SRCROOT)/$(BUILT_PRODUCTS_DIR)/$(INFOPLIST_PATH)",
			);
			outputFileListPaths = (
			);
			outputPaths = (
			);
			runOnlyForDeploymentPostprocessing = 0;
			shellPath = /bin/sh;
			shellScript = "\"${PODS_ROOT}/Fabric/run\" 81fde084e84196db0444d4ffb986fbb8d95655bf  9885377410a71ac533eea17a94f75306be236c39108b16d5fd2cf360fb832449\n\n";
		};
		EC0F8A330A119B68DFE77254 /* [CP] Embed Pods Frameworks */ = {
			isa = PBXShellScriptBuildPhase;
			buildActionMask = 2147483647;
			files = (
			);
			inputFileListPaths = (
			);
			inputPaths = (
				"${PODS_ROOT}/Target Support Files/Pods-TeachAssist/Pods-TeachAssist-frameworks.sh",
				"${BUILT_PRODUCTS_DIR}/Alamofire/Alamofire.framework",
				"${BUILT_PRODUCTS_DIR}/Charts/Charts.framework",
				"${BUILT_PRODUCTS_DIR}/DynamicBlurView/DynamicBlurView.framework",
				"${BUILT_PRODUCTS_DIR}/GTMSessionFetcher/GTMSessionFetcher.framework",
				"${BUILT_PRODUCTS_DIR}/GoogleUtilities/GoogleUtilities.framework",
				"${BUILT_PRODUCTS_DIR}/HTMLEntities/HTMLEntities.framework",
				"${BUILT_PRODUCTS_DIR}/HTMLString/HTMLString.framework",
				"${BUILT_PRODUCTS_DIR}/IQKeyboardManagerSwift/IQKeyboardManagerSwift.framework",
				"${BUILT_PRODUCTS_DIR}/KYDrawerController/KYDrawerController.framework",
				"${BUILT_PRODUCTS_DIR}/PopupDialog/PopupDialog.framework",
				"${BUILT_PRODUCTS_DIR}/PromisesObjC/FBLPromises.framework",
				"${BUILT_PRODUCTS_DIR}/PureLayout/PureLayout.framework",
				"${BUILT_PRODUCTS_DIR}/SwiftyJSON/SwiftyJSON.framework",
				"${BUILT_PRODUCTS_DIR}/UICircularProgressRing/UICircularProgressRing.framework",
				"${BUILT_PRODUCTS_DIR}/nanopb/nanopb.framework",
			);
			name = "[CP] Embed Pods Frameworks";
			outputFileListPaths = (
			);
			outputPaths = (
				"${TARGET_BUILD_DIR}/${FRAMEWORKS_FOLDER_PATH}/Alamofire.framework",
				"${TARGET_BUILD_DIR}/${FRAMEWORKS_FOLDER_PATH}/Charts.framework",
				"${TARGET_BUILD_DIR}/${FRAMEWORKS_FOLDER_PATH}/DynamicBlurView.framework",
				"${TARGET_BUILD_DIR}/${FRAMEWORKS_FOLDER_PATH}/GTMSessionFetcher.framework",
				"${TARGET_BUILD_DIR}/${FRAMEWORKS_FOLDER_PATH}/GoogleUtilities.framework",
				"${TARGET_BUILD_DIR}/${FRAMEWORKS_FOLDER_PATH}/HTMLEntities.framework",
				"${TARGET_BUILD_DIR}/${FRAMEWORKS_FOLDER_PATH}/HTMLString.framework",
				"${TARGET_BUILD_DIR}/${FRAMEWORKS_FOLDER_PATH}/IQKeyboardManagerSwift.framework",
				"${TARGET_BUILD_DIR}/${FRAMEWORKS_FOLDER_PATH}/KYDrawerController.framework",
				"${TARGET_BUILD_DIR}/${FRAMEWORKS_FOLDER_PATH}/PopupDialog.framework",
				"${TARGET_BUILD_DIR}/${FRAMEWORKS_FOLDER_PATH}/FBLPromises.framework",
				"${TARGET_BUILD_DIR}/${FRAMEWORKS_FOLDER_PATH}/PureLayout.framework",
				"${TARGET_BUILD_DIR}/${FRAMEWORKS_FOLDER_PATH}/SwiftyJSON.framework",
				"${TARGET_BUILD_DIR}/${FRAMEWORKS_FOLDER_PATH}/UICircularProgressRing.framework",
				"${TARGET_BUILD_DIR}/${FRAMEWORKS_FOLDER_PATH}/nanopb.framework",
			);
			runOnlyForDeploymentPostprocessing = 0;
			shellPath = /bin/sh;
			shellScript = "\"${PODS_ROOT}/Target Support Files/Pods-TeachAssist/Pods-TeachAssist-frameworks.sh\"\n";
			showEnvVarsInLog = 0;
		};
/* End PBXShellScriptBuildPhase section */

/* Begin PBXSourcesBuildPhase section */
		6E449D0B2204A26E00C0F0AC /* Sources */ = {
			isa = PBXSourcesBuildPhase;
			buildActionMask = 2147483647;
			files = (
				EADB525624252BCA009612E3 /* CourseInfoPageViewController.swift in Sources */,
				EADB5258242545E7009612E3 /* AssignmentsStatsViewController.swift in Sources */,
				EA007A48222712ED00AD7AFE /* LoginViewController.swift in Sources */,
				6EF07E042210E58D00FFBFF4 /* TA.swift in Sources */,
				EABD64CC2266A13E0029E464 /* SettingsTableViewCell.swift in Sources */,
				EAE7AF72226A2DBA0056BC9A /* AssignmentView.swift in Sources */,
				EAC0318F22559F6600AF78DD /* SettingsViewController.swift in Sources */,
				EA94D82F2272628F00C27FB6 /* updateStackView.swift in Sources */,
				EA3624AD223DD575009E392D /* CourseView.swift in Sources */,
				EA96E205229F441B006CA3E5 /* auth.swift in Sources */,
				EAB209262220E6B7000686B3 /* CheckboxButton.swift in Sources */,
				6EE67E5E220DD8EE00010826 /* SendRequest.swift in Sources */,
				EAB209232220E519000686B3 /* LoginButton.swift in Sources */,
				EA2A93BC222A15D900C4100E /* CourseViewController.swift in Sources */,
				EAA02E54236E6E0500F76720 /* DrawerViewControllerParent.swift in Sources */,
				EA37FD712371A9AE008E7109 /* NavigationController.swift in Sources */,
				EA2BEE692251559200F085E2 /* DrawerViewController.swift in Sources */,
				EADB525A24267D72009612E3 /* PageViewControllerContainer.swift in Sources */,
				EAE7AF6C22693F0B0056BC9A /* MarksViewController.swift in Sources */,
				6E449D152204A26E00C0F0AC /* MainViewController.swift in Sources */,
				6E449D132204A26E00C0F0AC /* AppDelegate.swift in Sources */,
			);
			runOnlyForDeploymentPostprocessing = 0;
		};
		6E449D1F2204A27200C0F0AC /* Sources */ = {
			isa = PBXSourcesBuildPhase;
			buildActionMask = 2147483647;
			files = (
				6E449D282204A27200C0F0AC /* TeachAssistTests.swift in Sources */,
			);
			runOnlyForDeploymentPostprocessing = 0;
		};
		6E449D2A2204A27200C0F0AC /* Sources */ = {
			isa = PBXSourcesBuildPhase;
			buildActionMask = 2147483647;
			files = (
				6E449D332204A27200C0F0AC /* TeachAssistUITests.swift in Sources */,
			);
			runOnlyForDeploymentPostprocessing = 0;
		};
/* End PBXSourcesBuildPhase section */

/* Begin PBXTargetDependency section */
		6E449D252204A27200C0F0AC /* PBXTargetDependency */ = {
			isa = PBXTargetDependency;
			target = 6E449D0E2204A26E00C0F0AC /* TeachAssist */;
			targetProxy = 6E449D242204A27200C0F0AC /* PBXContainerItemProxy */;
		};
		6E449D302204A27200C0F0AC /* PBXTargetDependency */ = {
			isa = PBXTargetDependency;
			target = 6E449D0E2204A26E00C0F0AC /* TeachAssist */;
			targetProxy = 6E449D2F2204A27200C0F0AC /* PBXContainerItemProxy */;
		};
/* End PBXTargetDependency section */

/* Begin PBXVariantGroup section */
		EA007A4422270D6900AD7AFE /* Login.storyboard */ = {
			isa = PBXVariantGroup;
			children = (
				EA007A4522270D6900AD7AFE /* Base */,
			);
			name = Login.storyboard;
			sourceTree = "<group>";
		};
/* End PBXVariantGroup section */

/* Begin XCBuildConfiguration section */
		6E449D352204A27200C0F0AC /* Debug */ = {
			isa = XCBuildConfiguration;
			buildSettings = {
				ALWAYS_SEARCH_USER_PATHS = NO;
				CLANG_ANALYZER_NONNULL = YES;
				CLANG_ANALYZER_NUMBER_OBJECT_CONVERSION = YES_AGGRESSIVE;
				CLANG_CXX_LANGUAGE_STANDARD = "gnu++14";
				CLANG_CXX_LIBRARY = "libc++";
				CLANG_ENABLE_MODULES = YES;
				CLANG_ENABLE_OBJC_ARC = YES;
				CLANG_ENABLE_OBJC_WEAK = YES;
				CLANG_WARN_BLOCK_CAPTURE_AUTORELEASING = YES;
				CLANG_WARN_BOOL_CONVERSION = YES;
				CLANG_WARN_COMMA = YES;
				CLANG_WARN_CONSTANT_CONVERSION = YES;
				CLANG_WARN_DEPRECATED_OBJC_IMPLEMENTATIONS = YES;
				CLANG_WARN_DIRECT_OBJC_ISA_USAGE = YES_ERROR;
				CLANG_WARN_DOCUMENTATION_COMMENTS = YES;
				CLANG_WARN_EMPTY_BODY = YES;
				CLANG_WARN_ENUM_CONVERSION = YES;
				CLANG_WARN_INFINITE_RECURSION = YES;
				CLANG_WARN_INT_CONVERSION = YES;
				CLANG_WARN_NON_LITERAL_NULL_CONVERSION = YES;
				CLANG_WARN_OBJC_IMPLICIT_RETAIN_SELF = YES;
				CLANG_WARN_OBJC_LITERAL_CONVERSION = YES;
				CLANG_WARN_OBJC_ROOT_CLASS = YES_ERROR;
				CLANG_WARN_RANGE_LOOP_ANALYSIS = YES;
				CLANG_WARN_STRICT_PROTOTYPES = YES;
				CLANG_WARN_SUSPICIOUS_MOVE = YES;
				CLANG_WARN_UNGUARDED_AVAILABILITY = YES_AGGRESSIVE;
				CLANG_WARN_UNREACHABLE_CODE = YES;
				CLANG_WARN__DUPLICATE_METHOD_MATCH = YES;
				CODE_SIGN_IDENTITY = "iPhone Developer";
				COPY_PHASE_STRIP = NO;
				DEBUG_INFORMATION_FORMAT = dwarf;
				ENABLE_STRICT_OBJC_MSGSEND = YES;
				ENABLE_TESTABILITY = YES;
				GCC_C_LANGUAGE_STANDARD = gnu11;
				GCC_DYNAMIC_NO_PIC = NO;
				GCC_NO_COMMON_BLOCKS = YES;
				GCC_OPTIMIZATION_LEVEL = 0;
				GCC_PREPROCESSOR_DEFINITIONS = (
					"DEBUG=1",
					"$(inherited)",
				);
				GCC_WARN_64_TO_32_BIT_CONVERSION = YES;
				GCC_WARN_ABOUT_RETURN_TYPE = YES_ERROR;
				GCC_WARN_UNDECLARED_SELECTOR = YES;
				GCC_WARN_UNINITIALIZED_AUTOS = YES_AGGRESSIVE;
				GCC_WARN_UNUSED_FUNCTION = YES;
				GCC_WARN_UNUSED_VARIABLE = YES;
				IPHONEOS_DEPLOYMENT_TARGET = 12.1;
				MTL_ENABLE_DEBUG_INFO = INCLUDE_SOURCE;
				MTL_FAST_MATH = YES;
				ONLY_ACTIVE_ARCH = YES;
				SDKROOT = iphoneos;
				SWIFT_ACTIVE_COMPILATION_CONDITIONS = DEBUG;
				SWIFT_OPTIMIZATION_LEVEL = "-Onone";
			};
			name = Debug;
		};
		6E449D362204A27200C0F0AC /* Release */ = {
			isa = XCBuildConfiguration;
			buildSettings = {
				ALWAYS_SEARCH_USER_PATHS = NO;
				CLANG_ANALYZER_NONNULL = YES;
				CLANG_ANALYZER_NUMBER_OBJECT_CONVERSION = YES_AGGRESSIVE;
				CLANG_CXX_LANGUAGE_STANDARD = "gnu++14";
				CLANG_CXX_LIBRARY = "libc++";
				CLANG_ENABLE_MODULES = YES;
				CLANG_ENABLE_OBJC_ARC = YES;
				CLANG_ENABLE_OBJC_WEAK = YES;
				CLANG_WARN_BLOCK_CAPTURE_AUTORELEASING = YES;
				CLANG_WARN_BOOL_CONVERSION = YES;
				CLANG_WARN_COMMA = YES;
				CLANG_WARN_CONSTANT_CONVERSION = YES;
				CLANG_WARN_DEPRECATED_OBJC_IMPLEMENTATIONS = YES;
				CLANG_WARN_DIRECT_OBJC_ISA_USAGE = YES_ERROR;
				CLANG_WARN_DOCUMENTATION_COMMENTS = YES;
				CLANG_WARN_EMPTY_BODY = YES;
				CLANG_WARN_ENUM_CONVERSION = YES;
				CLANG_WARN_INFINITE_RECURSION = YES;
				CLANG_WARN_INT_CONVERSION = YES;
				CLANG_WARN_NON_LITERAL_NULL_CONVERSION = YES;
				CLANG_WARN_OBJC_IMPLICIT_RETAIN_SELF = YES;
				CLANG_WARN_OBJC_LITERAL_CONVERSION = YES;
				CLANG_WARN_OBJC_ROOT_CLASS = YES_ERROR;
				CLANG_WARN_RANGE_LOOP_ANALYSIS = YES;
				CLANG_WARN_STRICT_PROTOTYPES = YES;
				CLANG_WARN_SUSPICIOUS_MOVE = YES;
				CLANG_WARN_UNGUARDED_AVAILABILITY = YES_AGGRESSIVE;
				CLANG_WARN_UNREACHABLE_CODE = YES;
				CLANG_WARN__DUPLICATE_METHOD_MATCH = YES;
				CODE_SIGN_IDENTITY = "iPhone Developer";
				COPY_PHASE_STRIP = NO;
				DEBUG_INFORMATION_FORMAT = "dwarf-with-dsym";
				ENABLE_NS_ASSERTIONS = NO;
				ENABLE_STRICT_OBJC_MSGSEND = YES;
				GCC_C_LANGUAGE_STANDARD = gnu11;
				GCC_NO_COMMON_BLOCKS = YES;
				GCC_WARN_64_TO_32_BIT_CONVERSION = YES;
				GCC_WARN_ABOUT_RETURN_TYPE = YES_ERROR;
				GCC_WARN_UNDECLARED_SELECTOR = YES;
				GCC_WARN_UNINITIALIZED_AUTOS = YES_AGGRESSIVE;
				GCC_WARN_UNUSED_FUNCTION = YES;
				GCC_WARN_UNUSED_VARIABLE = YES;
				IPHONEOS_DEPLOYMENT_TARGET = 12.1;
				MTL_ENABLE_DEBUG_INFO = NO;
				MTL_FAST_MATH = YES;
				SDKROOT = iphoneos;
				SWIFT_COMPILATION_MODE = wholemodule;
				SWIFT_OPTIMIZATION_LEVEL = "-O";
				VALIDATE_PRODUCT = YES;
			};
			name = Release;
		};
		6E449D382204A27200C0F0AC /* Debug */ = {
			isa = XCBuildConfiguration;
			baseConfigurationReference = 61D508545975C28BFFF72A94 /* Pods-TeachAssist.debug.xcconfig */;
			buildSettings = {
				ASSETCATALOG_COMPILER_APPICON_NAME = AppIcon;
				CODE_SIGN_ENTITLEMENTS = TeachAssist/TeachAssist.entitlements;
				CODE_SIGN_IDENTITY = "iPhone Developer";
				CODE_SIGN_STYLE = Automatic;
				CURRENT_PROJECT_VERSION = 40;
				DEBUG_INFORMATION_FORMAT = "dwarf-with-dsym";
				DEVELOPMENT_TEAM = 763X9XATXX;
				ENABLE_BITCODE = YES;
				INFOPLIST_FILE = TeachAssist/Info.plist;
				IPHONEOS_DEPLOYMENT_TARGET = 10.0;
				LD_RUNPATH_SEARCH_PATHS = (
					"$(inherited)",
					"@executable_path/Frameworks",
				);
				MARKETING_VERSION = 2.2.8;
				PRODUCT_BUNDLE_IDENTIFIER = Teachassist.TeachAssist;
				PRODUCT_NAME = "$(TARGET_NAME)";
				PROVISIONING_PROFILE_SPECIFIER = "";
				SWIFT_VERSION = 4.2;
				TARGETED_DEVICE_FAMILY = "1,2";
			};
			name = Debug;
		};
		6E449D392204A27200C0F0AC /* Release */ = {
			isa = XCBuildConfiguration;
			baseConfigurationReference = BA3800C2F1869FD078491C2F /* Pods-TeachAssist.release.xcconfig */;
			buildSettings = {
				ASSETCATALOG_COMPILER_APPICON_NAME = AppIcon;
				CODE_SIGN_ENTITLEMENTS = TeachAssist/TeachAssist.entitlements;
				CODE_SIGN_IDENTITY = "iPhone Developer";
				CODE_SIGN_STYLE = Automatic;
				CURRENT_PROJECT_VERSION = 40;
				DEBUG_INFORMATION_FORMAT = "dwarf-with-dsym";
				DEVELOPMENT_TEAM = 763X9XATXX;
				ENABLE_BITCODE = YES;
				FRAMEWORK_SEARCH_PATHS = (
					"$(inherited)",
					"\"${PODS_CONFIGURATION_BUILD_DIR}/Alamofire\"",
					"\"${PODS_CONFIGURATION_BUILD_DIR}/HTMLEntities\"",
					"\"${PODS_CONFIGURATION_BUILD_DIR}/HTMLString\"",
					"\"${PODS_CONFIGURATION_BUILD_DIR}/KYDrawerController\"",
					"\"${PODS_CONFIGURATION_BUILD_DIR}/PureLayout\"",
					"\"${PODS_CONFIGURATION_BUILD_DIR}/UICircularProgressRing\"",
					"\"${PODS_ROOT}/Crashlytics/iOS\"",
					"\"${PODS_ROOT}/Fabric/iOS\"",
				);
				INFOPLIST_FILE = TeachAssist/Info.plist;
				IPHONEOS_DEPLOYMENT_TARGET = 10.0;
				LD_RUNPATH_SEARCH_PATHS = (
					"$(inherited)",
					"@executable_path/Frameworks",
				);
				MARKETING_VERSION = 2.2.8;
				PRODUCT_BUNDLE_IDENTIFIER = Teachassist.TeachAssist;
				PRODUCT_NAME = "$(TARGET_NAME)";
				PROVISIONING_PROFILE_SPECIFIER = "";
				SWIFT_VERSION = 4.2;
				TARGETED_DEVICE_FAMILY = "1,2";
			};
			name = Release;
		};
		6E449D3B2204A27200C0F0AC /* Debug */ = {
			isa = XCBuildConfiguration;
			baseConfigurationReference = 72683CD56F29FFDC96BB7991 /* Pods-TeachAssistTests.debug.xcconfig */;
			buildSettings = {
				ALWAYS_EMBED_SWIFT_STANDARD_LIBRARIES = YES;
				BUNDLE_LOADER = "$(TEST_HOST)";
				CODE_SIGN_STYLE = Automatic;
				INFOPLIST_FILE = TeachAssistTests/Info.plist;
				LD_RUNPATH_SEARCH_PATHS = (
					"$(inherited)",
					"@executable_path/Frameworks",
					"@loader_path/Frameworks",
				);
				PRODUCT_BUNDLE_IDENTIFIER = Teachassist.TeachAssistTests;
				PRODUCT_NAME = "$(TARGET_NAME)";
				SWIFT_VERSION = 4.2;
				TARGETED_DEVICE_FAMILY = "1,2";
				TEST_HOST = "$(BUILT_PRODUCTS_DIR)/TeachAssist.app/TeachAssist";
			};
			name = Debug;
		};
		6E449D3C2204A27200C0F0AC /* Release */ = {
			isa = XCBuildConfiguration;
			baseConfigurationReference = B3C9B462BF6FBB984CAE1FCC /* Pods-TeachAssistTests.release.xcconfig */;
			buildSettings = {
				ALWAYS_EMBED_SWIFT_STANDARD_LIBRARIES = YES;
				BUNDLE_LOADER = "$(TEST_HOST)";
				CODE_SIGN_STYLE = Automatic;
				INFOPLIST_FILE = TeachAssistTests/Info.plist;
				LD_RUNPATH_SEARCH_PATHS = (
					"$(inherited)",
					"@executable_path/Frameworks",
					"@loader_path/Frameworks",
				);
				PRODUCT_BUNDLE_IDENTIFIER = Teachassist.TeachAssistTests;
				PRODUCT_NAME = "$(TARGET_NAME)";
				SWIFT_VERSION = 4.2;
				TARGETED_DEVICE_FAMILY = "1,2";
				TEST_HOST = "$(BUILT_PRODUCTS_DIR)/TeachAssist.app/TeachAssist";
			};
			name = Release;
		};
		6E449D3E2204A27200C0F0AC /* Debug */ = {
			isa = XCBuildConfiguration;
			baseConfigurationReference = 1F09E2DBFE049A6CAC11ADB8 /* Pods-TeachAssistUITests.debug.xcconfig */;
			buildSettings = {
				ALWAYS_EMBED_SWIFT_STANDARD_LIBRARIES = YES;
				CODE_SIGN_STYLE = Automatic;
				INFOPLIST_FILE = TeachAssistUITests/Info.plist;
				LD_RUNPATH_SEARCH_PATHS = (
					"$(inherited)",
					"@executable_path/Frameworks",
					"@loader_path/Frameworks",
				);
				PRODUCT_BUNDLE_IDENTIFIER = Teachassist.TeachAssistUITests;
				PRODUCT_NAME = "$(TARGET_NAME)";
				SWIFT_VERSION = 4.2;
				TARGETED_DEVICE_FAMILY = "1,2";
				TEST_TARGET_NAME = TeachAssist;
			};
			name = Debug;
		};
		6E449D3F2204A27200C0F0AC /* Release */ = {
			isa = XCBuildConfiguration;
			baseConfigurationReference = 5F38B4DEB25E275E6B3D94A4 /* Pods-TeachAssistUITests.release.xcconfig */;
			buildSettings = {
				ALWAYS_EMBED_SWIFT_STANDARD_LIBRARIES = YES;
				CODE_SIGN_STYLE = Automatic;
				INFOPLIST_FILE = TeachAssistUITests/Info.plist;
				LD_RUNPATH_SEARCH_PATHS = (
					"$(inherited)",
					"@executable_path/Frameworks",
					"@loader_path/Frameworks",
				);
				PRODUCT_BUNDLE_IDENTIFIER = Teachassist.TeachAssistUITests;
				PRODUCT_NAME = "$(TARGET_NAME)";
				SWIFT_VERSION = 4.2;
				TARGETED_DEVICE_FAMILY = "1,2";
				TEST_TARGET_NAME = TeachAssist;
			};
			name = Release;
		};
/* End XCBuildConfiguration section */

/* Begin XCConfigurationList section */
		6E449D0A2204A26E00C0F0AC /* Build configuration list for PBXProject "TeachAssist" */ = {
			isa = XCConfigurationList;
			buildConfigurations = (
				6E449D352204A27200C0F0AC /* Debug */,
				6E449D362204A27200C0F0AC /* Release */,
			);
			defaultConfigurationIsVisible = 0;
			defaultConfigurationName = Release;
		};
		6E449D372204A27200C0F0AC /* Build configuration list for PBXNativeTarget "TeachAssist" */ = {
			isa = XCConfigurationList;
			buildConfigurations = (
				6E449D382204A27200C0F0AC /* Debug */,
				6E449D392204A27200C0F0AC /* Release */,
			);
			defaultConfigurationIsVisible = 0;
			defaultConfigurationName = Release;
		};
		6E449D3A2204A27200C0F0AC /* Build configuration list for PBXNativeTarget "TeachAssistTests" */ = {
			isa = XCConfigurationList;
			buildConfigurations = (
				6E449D3B2204A27200C0F0AC /* Debug */,
				6E449D3C2204A27200C0F0AC /* Release */,
			);
			defaultConfigurationIsVisible = 0;
			defaultConfigurationName = Release;
		};
		6E449D3D2204A27200C0F0AC /* Build configuration list for PBXNativeTarget "TeachAssistUITests" */ = {
			isa = XCConfigurationList;
			buildConfigurations = (
				6E449D3E2204A27200C0F0AC /* Debug */,
				6E449D3F2204A27200C0F0AC /* Release */,
			);
			defaultConfigurationIsVisible = 0;
			defaultConfigurationName = Release;
		};
/* End XCConfigurationList section */
	};
	rootObject = 6E449D072204A26E00C0F0AC /* Project object */;
}
